
Microsoft Visual Studio Solution File, Format Version 12.00
Project("{FAE04EC0-301F-11D3-BF4B-00C04F79EFBC}") = "AoC", "AoC\AoC.csproj", "{53492696-1C69-4216-81B0-05EC976E4755}"
EndProject
Global
	GlobalSection(SolutionConfigurationPlatforms) = preSolution
		Debug|Any CPU = Debug|Any CPU
		Release|Any CPU = Release|Any CPU
	EndGlobalSection
	GlobalSection(ProjectConfigurationPlatforms) = postSolution
		{53492696-1C69-4216-81B0-05EC976E4755}.Debug|Any CPU.ActiveCfg = Debug|Any CPU
		{53492696-1C69-4216-81B0-05EC976E4755}.Debug|Any CPU.Build.0 = Debug|Any CPU
		{53492696-1C69-4216-81B0-05EC976E4755}.Release|Any CPU.ActiveCfg = Release|Any CPU
		{53492696-1C69-4216-81B0-05EC976E4755}.Release|Any CPU.Build.0 = Release|Any CPU
	EndGlobalSection
EndGlobal
